# This file is automatically @generated by Cargo.
# It is not intended for manual editing.
version = 4

[[package]]
name = "arrayvec"
version = "0.7.6"
source = "registry+https://github.com/rust-lang/crates.io-index"
checksum = "7c02d123df017efcdfbd739ef81735b36c5ba83ec3c59c80a9d7ecc718f92e50"

[[package]]
name = "async-trait"
version = "0.1.89"
source = "registry+https://github.com/rust-lang/crates.io-index"
checksum = "9035ad2d096bed7955a320ee7e2230574d28fd3c3a0f186cbea1ff3c7eed5dbb"
dependencies = [
 "proc-macro2",
 "quote",
 "syn",
]

[[package]]
name = "auth"
version = "0.1.0"
dependencies = [
 "vespertine-abi",
 "vespertine-config",
 "vespertine-rt",
 "vespertine-std",
]

[[package]]
name = "autocfg"
version = "1.5.1"
source = "registry+https://github.com/rust-lang/crates.io-index"
checksum = "f2032f911046de80f0a198e0901378627c33f59ea0ac00e363d481118bd70a53"

[[package]]
name = "chrono"
version = "0.4.45"
source = "registry+https://github.com/rust-lang/crates.io-index"
checksum = "1aa79e62e7697b8e29b513a68abacf485adcd1fe8284a4316c5ae868e6633327"
dependencies = [
 "num-traits",
]

[[package]]
name = "chrono-tz"
version = "0.10.4"
source = "registry+https://github.com/rust-lang/crates.io-index"
checksum = "a6139a8597ed92cf816dfb33f5dd6cf0bb93a6adc938f11039f371bc5bcd26c3"
dependencies = [
 "chrono",
 "chrono-tz-build",
 "phf",
 "uncased",
]

[[package]]
name = "chrono-tz-build"
version = "0.5.0"
source = "registry+https://github.com/rust-lang/crates.io-index"
checksum = "c7d8d1efd5109b9c1cd3b7966bd071cdfb53bb6eb0b22a473a68c2f70a11a1eb"
dependencies = [
 "parse-zoneinfo",
 "phf_codegen",
 "phf_shared",
 "uncased",
]

[[package]]
name = "details"
version = "0.1.0"
dependencies = [
 "vespertine-abi",
 "vespertine-cli",
 "vespertine-rt",
 "vespertine-std",
]

[[package]]
name = "dt"
version = "0.1.0"
dependencies = [
 "chrono",
 "chrono-tz",
 "vespertine-abi",
 "vespertine-cli",
 "vespertine-rt",
 "vespertine-std",
]

[[package]]
name = "dusk"
version = "0.1.0"
dependencies = [
 "vespertine-abi",
 "vespertine-rt",
 "vespertine-std",
]

[[package]]
name = "fastrand"
version = "2.4.1"
source = "registry+https://github.com/rust-lang/crates.io-index"
checksum = "9f1f227452a390804cdb637b74a86990f2a7d7ba4b7d5693aac9b4dd6defd8d6"

[[package]]
name = "hesper"
version = "0.1.0"
dependencies = [
 "vespertine-abi",
 "vespertine-config",
 "vespertine-rt",
 "vespertine-std",
]

[[package]]
name = "kernel"
version = "0.1.0"
dependencies = [
 "async-trait",
 "limine",
 "simple-psf",
 "vespertine-abi",
 "vespertine-common",
 "vk-hal",
]

[[package]]
name = "limine"
version = "0.6.5"
source = "registry+https://github.com/rust-lang/crates.io-index"
checksum = "29363c0f37e66e18575fadf7141c56ee7ea04ae5fecbeb25eff303f77af203a9"

[[package]]
name = "memchr"
version = "2.8.2"
source = "registry+https://github.com/rust-lang/crates.io-index"
checksum = "88904434abc2901f197fe8cc55f0445e7ded921dba5911dad2e2b39b48e663c4"

[[package]]
name = "ns"
version = "0.1.0"
dependencies = [
 "vespertine-abi",
 "vespertine-cli",
 "vespertine-rt",
 "vespertine-std",
]

[[package]]
name = "num-traits"
version = "0.2.19"
source = "registry+https://github.com/rust-lang/crates.io-index"
checksum = "071dfc062690e90b734c0b2273ce72ad0ffa95f0c74596bc250dcfd960262841"
dependencies = [
 "autocfg",
]

[[package]]
name = "nyx"
version = "0.1.0"
dependencies = [
 "vespertine-abi",
 "vespertine-cli",
 "vespertine-rt",
 "vespertine-std",
]

[[package]]
name = "parse-zoneinfo"
version = "0.4.1"
source = "registry+https://github.com/rust-lang/crates.io-index"
checksum = "e3c406c9e2aa74554e662d2c2ee11cd3e73756988800be7e6f5eddb16fed4699"

[[package]]
name = "phf"
version = "0.12.1"
source = "registry+https://github.com/rust-lang/crates.io-index"
checksum = "913273894cec178f401a31ec4b656318d95473527be05c0752cc41cdc32be8b7"
dependencies = [
 "phf_macros",
 "phf_shared",
]

[[package]]
name = "phf_codegen"
version = "0.12.1"
source = "registry+https://github.com/rust-lang/crates.io-index"
checksum = "efbdcb6f01d193b17f0b9c3360fa7e0e620991b193ff08702f78b3ce365d7e61"
dependencies = [
 "phf_generator",
 "phf_shared",
]

[[package]]
name = "phf_generator"
version = "0.12.1"
source = "registry+https://github.com/rust-lang/crates.io-index"
checksum = "2cbb1126afed61dd6368748dae63b1ee7dc480191c6262a3b4ff1e29d86a6c5b"
dependencies = [
 "fastrand",
 "phf_shared",
]

[[package]]
name = "phf_macros"
version = "0.12.1"
source = "registry+https://github.com/rust-lang/crates.io-index"
checksum = "d713258393a82f091ead52047ca779d37e5766226d009de21696c4e667044368"
dependencies = [
 "phf_generator",
 "phf_shared",
 "proc-macro2",
 "quote",
 "syn",
 "uncased",
]

[[package]]
name = "phf_shared"
version = "0.12.1"
source = "registry+https://github.com/rust-lang/crates.io-index"
checksum = "06005508882fb681fd97892ecff4b7fd0fee13ef1aa569f8695dae7ab9099981"
dependencies = [
 "siphasher",
 "uncased",
]

[[package]]
name = "proc-macro2"
version = "1.0.106"
source = "registry+https://github.com/rust-lang/crates.io-index"
checksum = "8fd00f0bb2e90d81d1044c2b32617f68fcb9fa3bb7640c23e9c748e53fb30934"
dependencies = [
 "unicode-ident",
]

[[package]]
name = "quote"
version = "1.0.45"
source = "registry+https://github.com/rust-lang/crates.io-index"
checksum = "41f2619966050689382d2b44f664f4bc593e129785a36d6ee376ddf37259b924"
dependencies = [
 "proc-macro2",
]

[[package]]
name = "select"
version = "0.1.0"
dependencies = [
 "vespertine-abi",
 "vespertine-cli",
 "vespertine-rt",
 "vespertine-std",
]

[[package]]
name = "serde"
version = "1.0.228"
source = "registry+https://github.com/rust-lang/crates.io-index"
checksum = "9a8e94ea7f378bd32cbbd37198a4a91436180c5bb472411e48b5ec2e2124ae9e"
dependencies = [
 "serde_core",
 "serde_derive",
]

[[package]]
name = "serde_core"
version = "1.0.228"
source = "registry+https://github.com/rust-lang/crates.io-index"
checksum = "41d385c7d4ca58e59fc732af25c3983b67ac852c1a25000afe1175de458b67ad"
dependencies = [
 "serde_derive",
]

[[package]]
name = "serde_derive"
version = "1.0.228"
source = "registry+https://github.com/rust-lang/crates.io-index"
checksum = "d540f220d3187173da220f885ab66608367b6574e925011a9353e4badda91d79"
dependencies = [
 "proc-macro2",
 "quote",
 "syn",
]

[[package]]
name = "serde_spanned"
version = "1.1.1"
source = "registry+https://github.com/rust-lang/crates.io-index"
checksum = "6662b5879511e06e8999a8a235d848113e942c9124f211511b16466ee2995f26"
dependencies = [
 "serde_core",
]

[[package]]
name = "simple-psf"
version = "0.1.2"
source = "registry+https://github.com/rust-lang/crates.io-index"
checksum = "8dfb5d24f130ce16dd7e608140773454eb92d69191c258e8af9d811bcab03f1d"

[[package]]
name = "siphasher"
version = "1.0.3"
source = "registry+https://github.com/rust-lang/crates.io-index"
checksum = "8ee5873ec9cce0195efcb7a4e9507a04cd49aec9c83d0389df45b1ef7ba2e649"

[[package]]
name = "stream"
version = "0.1.0"
dependencies = [
 "vespertine-abi",
 "vespertine-cli",
 "vespertine-rt",
 "vespertine-std",
]

[[package]]
name = "syn"
version = "2.0.118"
source = "registry+https://github.com/rust-lang/crates.io-index"
checksum = "1b9ae57f904213ebb649ce6895b8a66c66f0203b9319718f69a5612a065b1422"
dependencies = [
 "proc-macro2",
 "quote",
 "unicode-ident",
]

[[package]]
name = "sys"
version = "0.1.0"
dependencies = [
 "vespertine-abi",
 "vespertine-cli",
 "vespertine-rt",
 "vespertine-std",
]

[[package]]
name = "table"
version = "0.1.0"
dependencies = [
 "vespertine-abi",
 "vespertine-cli",
 "vespertine-rt",
 "vespertine-std",
]

[[package]]
name = "terminal"
version = "0.1.0"
dependencies = [
 "vespertine-abi",
 "vespertine-rt",
 "vespertine-std",
 "vte",
]

[[package]]
name = "testapp"
version = "0.1.0"
dependencies = [
 "vespertine-abi",
 "vespertine-rt",
 "vespertine-std",
]

[[package]]
name = "toml"
version = "1.1.2+spec-1.1.0"
source = "registry+https://github.com/rust-lang/crates.io-index"
checksum = "81f3d15e84cbcd896376e6730314d59fb5a87f31e4b038454184435cd57defee"
dependencies = [
 "serde_core",
 "serde_spanned",
 "toml_datetime",
 "toml_parser",
 "winnow",
]

[[package]]
name = "toml_datetime"
version = "1.1.1+spec-1.1.0"
source = "registry+https://github.com/rust-lang/crates.io-index"
checksum = "3165f65f62e28e0115a00b2ebdd37eb6f3b641855f9d636d3cd4103767159ad7"
dependencies = [
 "serde_core",
]

[[package]]
name = "toml_parser"
version = "1.1.2+spec-1.1.0"
source = "registry+https://github.com/rust-lang/crates.io-index"
checksum = "a2abe9b86193656635d2411dc43050282ca48aa31c2451210f4202550afb7526"
dependencies = [
 "winnow",
]

[[package]]
name = "uncased"
version = "0.9.10"
source = "registry+https://github.com/rust-lang/crates.io-index"
checksum = "e1b88fcfe09e89d3866a5c11019378088af2d24c3fbd4f0543f96b479ec90697"
dependencies = [
 "version_check",
]

[[package]]
name = "unicode-ident"
version = "1.0.24"
source = "registry+https://github.com/rust-lang/crates.io-index"
checksum = "e6e4313cd5fcd3dad5cafa179702e2b244f760991f45397d14d4ebf38247da75"

[[package]]
name = "version_check"
version = "0.9.5"
source = "registry+https://github.com/rust-lang/crates.io-index"
checksum = "0b928f33d975fc6ad9f86c8f283853ad26bdd5b10b7f1542aa2fa15e2289105a"

[[package]]
name = "vespertine-abi"
version = "0.1.0"
dependencies = [
 "vespertine-common",
]

[[package]]
name = "vespertine-cli"
version = "0.1.0"
dependencies = [
 "vespertine-abi",
 "vespertine-common",
 "vespertine-rt",
 "vespertine-std",
]

[[package]]
name = "vespertine-common"
version = "0.1.0"

[[package]]
name = "vespertine-config"
version = "0.1.0"
dependencies = [
 "serde",
 "toml",
]

[[package]]
name = "vespertine-rt"
version = "0.1.0"
dependencies = [
 "vespertine-abi",
 "vespertine-common",
]

[[package]]
name = "vespertine-std"
version = "0.1.0"
dependencies = [
 "vespertine-abi",
 "vespertine-common",
 "vespertine-rt",
]

[[package]]
name = "vk-hal"
version = "0.1.0"
dependencies = [
 "vespertine-common",
]

[[package]]
name = "vlog"
version = "0.1.0"
dependencies = [
 "vespertine-abi",
 "vespertine-common",
 "vespertine-rt",
 "vespertine-std",
]

[[package]]
name = "vreg"
version = "0.1.0"
dependencies = [
 "vespertine-abi",
 "vespertine-config",
 "vespertine-rt",
 "vespertine-std",
]

[[package]]
name = "vte"
version = "0.15.0"
source = "registry+https://github.com/rust-lang/crates.io-index"
checksum = "a5924018406ce0063cd67f8e008104968b74b563ee1b85dde3ed1f7cb87d3dbd"
dependencies = [
 "arrayvec",
 "memchr",
]

[[package]]
name = "winnow"
version = "1.0.3"
source = "registry+https://github.com/rust-lang/crates.io-index"
checksum = "0592e1c9d151f854e6fd382574c3a0855250e1d9b2f99d9281c6e6391af352f1"
