# This file is automatically @generated by Cargo.
# It is not intended for manual editing.
version = 4

[[package]]
name = "arrayvec"
version = "0.7.6"
source = "registry+https://github.com/rust-lang/crates.io-index"
checksum = "7c02d123df017efcdfbd739ef81735b36c5ba83ec3c59c80a9d7ecc718f92e50"

[[package]]
name = "async-trait"
version = "0.1.89"
source = "registry+https://github.com/rust-lang/crates.io-index"
checksum = "9035ad2d096bed7955a320ee7e2230574d28fd3c3a0f186cbea1ff3c7eed5dbb"
dependencies = [
 "proc-macro2",
 "quote",
 "syn",
]

[[package]]
name = "autocfg"
version = "1.5.1"
source = "registry+https://github.com/rust-lang/crates.io-index"
checksum = "f2032f911046de80f0a198e0901378627c33f59ea0ac00e363d481118bd70a53"

[[package]]
name = "chrono"
version = "0.4.44"
source = "registry+https://github.com/rust-lang/crates.io-index"
checksum = "c673075a2e0e5f4a1dde27ce9dee1ea4558c7ffe648f576438a20ca1d2acc4b0"
dependencies = [
 "num-traits",
]

[[package]]
name = "chrono-tz"
version = "0.10.4"
source = "registry+https://github.com/rust-lang/crates.io-index"
checksum = "a6139a8597ed92cf816dfb33f5dd6cf0bb93a6adc938f11039f371bc5bcd26c3"
dependencies = [
 "chrono",
 "chrono-tz-build",
 "phf",
 "uncased",
]

[[package]]
name = "chrono-tz-build"
version = "0.5.0"
source = "registry+https://github.com/rust-lang/crates.io-index"
checksum = "c7d8d1efd5109b9c1cd3b7966bd071cdfb53bb6eb0b22a473a68c2f70a11a1eb"
dependencies = [
 "parse-zoneinfo",
 "phf_codegen",
 "phf_shared",
 "uncased",
]

[[package]]
name = "dt"
version = "0.1.0"
dependencies = [
 "chrono",
 "chrono-tz",
 "vespertine-abi",
 "vespertine-rt",
 "vespertine-std",
]

[[package]]
name = "fastrand"
version = "2.3.0"
source = "registry+https://github.com/rust-lang/crates.io-index"
checksum = "37909eebbb50d72f9059c3b6d82c0463f2ff062c9e95845c43a6c9c0355411be"

[[package]]
name = "hesper"
version = "0.1.0"
dependencies = [
 "vespertine-abi",
 "vespertine-rt",
 "vespertine-std",
]

[[package]]
name = "kernel"
version = "0.1.0"
dependencies = [
 "async-trait",
 "limine",
 "simple-psf",
 "vespertine-abi",
 "vespertine-common",
]

[[package]]
name = "limine"
version = "0.6.3"
source = "registry+https://github.com/rust-lang/crates.io-index"
checksum = "90b240f611eba0b43bf3e97478d87f12322c6c0f540bdad885c3e8c4a0d57333"

[[package]]
name = "memchr"
version = "2.8.1"
source = "registry+https://github.com/rust-lang/crates.io-index"
checksum = "6b947ae49db0d222b1dbc6b113ce7248a3fc3a6ca21b696717bfc000ba4484d8"

[[package]]
name = "ns"
version = "0.1.0"
dependencies = [
 "vespertine-abi",
 "vespertine-rt",
 "vespertine-std",
]

[[package]]
name = "num-traits"
version = "0.2.19"
source = "registry+https://github.com/rust-lang/crates.io-index"
checksum = "071dfc062690e90b734c0b2273ce72ad0ffa95f0c74596bc250dcfd960262841"
dependencies = [
 "autocfg",
]

[[package]]
name = "parse-zoneinfo"
version = "0.4.1"
source = "registry+https://github.com/rust-lang/crates.io-index"
checksum = "e3c406c9e2aa74554e662d2c2ee11cd3e73756988800be7e6f5eddb16fed4699"

[[package]]
name = "phf"
version = "0.12.1"
source = "registry+https://github.com/rust-lang/crates.io-index"
checksum = "913273894cec178f401a31ec4b656318d95473527be05c0752cc41cdc32be8b7"
dependencies = [
 "phf_macros",
 "phf_shared",
]

[[package]]
name = "phf_codegen"
version = "0.12.1"
source = "registry+https://github.com/rust-lang/crates.io-index"
checksum = "efbdcb6f01d193b17f0b9c3360fa7e0e620991b193ff08702f78b3ce365d7e61"
dependencies = [
 "phf_generator",
 "phf_shared",
]

[[package]]
name = "phf_generator"
version = "0.12.1"
source = "registry+https://github.com/rust-lang/crates.io-index"
checksum = "2cbb1126afed61dd6368748dae63b1ee7dc480191c6262a3b4ff1e29d86a6c5b"
dependencies = [
 "fastrand",
 "phf_shared",
]

[[package]]
name = "phf_macros"
version = "0.12.1"
source = "registry+https://github.com/rust-lang/crates.io-index"
checksum = "d713258393a82f091ead52047ca779d37e5766226d009de21696c4e667044368"
dependencies = [
 "phf_generator",
 "phf_shared",
 "proc-macro2",
 "quote",
 "syn",
 "uncased",
]

[[package]]
name = "phf_shared"
version = "0.12.1"
source = "registry+https://github.com/rust-lang/crates.io-index"
checksum = "06005508882fb681fd97892ecff4b7fd0fee13ef1aa569f8695dae7ab9099981"
dependencies = [
 "siphasher",
 "uncased",
]

[[package]]
name = "proc-macro2"
version = "1.0.106"
source = "registry+https://github.com/rust-lang/crates.io-index"
checksum = "8fd00f0bb2e90d81d1044c2b32617f68fcb9fa3bb7640c23e9c748e53fb30934"
dependencies = [
 "unicode-ident",
]

[[package]]
name = "quote"
version = "1.0.45"
source = "registry+https://github.com/rust-lang/crates.io-index"
checksum = "41f2619966050689382d2b44f664f4bc593e129785a36d6ee376ddf37259b924"
dependencies = [
 "proc-macro2",
]

[[package]]
name = "shell"
version = "0.1.0"
dependencies = [
 "vespertine-abi",
 "vespertine-rt",
 "vespertine-std",
]

[[package]]
name = "simple-psf"
version = "0.1.2"
source = "registry+https://github.com/rust-lang/crates.io-index"
checksum = "8dfb5d24f130ce16dd7e608140773454eb92d69191c258e8af9d811bcab03f1d"

[[package]]
name = "siphasher"
version = "1.0.3"
source = "registry+https://github.com/rust-lang/crates.io-index"
checksum = "8ee5873ec9cce0195efcb7a4e9507a04cd49aec9c83d0389df45b1ef7ba2e649"

[[package]]
name = "syn"
version = "2.0.117"
source = "registry+https://github.com/rust-lang/crates.io-index"
checksum = "e665b8803e7b1d2a727f4023456bbbbe74da67099c585258af0ad9c5013b9b99"
dependencies = [
 "proc-macro2",
 "quote",
 "unicode-ident",
]

[[package]]
name = "terminal"
version = "0.1.0"
dependencies = [
 "vespertine-abi",
 "vespertine-rt",
 "vespertine-std",
 "vte",
]

[[package]]
name = "uncased"
version = "0.9.10"
source = "registry+https://github.com/rust-lang/crates.io-index"
checksum = "e1b88fcfe09e89d3866a5c11019378088af2d24c3fbd4f0543f96b479ec90697"
dependencies = [
 "version_check",
]

[[package]]
name = "unicode-ident"
version = "1.0.24"
source = "registry+https://github.com/rust-lang/crates.io-index"
checksum = "e6e4313cd5fcd3dad5cafa179702e2b244f760991f45397d14d4ebf38247da75"

[[package]]
name = "version_check"
version = "0.9.5"
source = "registry+https://github.com/rust-lang/crates.io-index"
checksum = "0b928f33d975fc6ad9f86c8f283853ad26bdd5b10b7f1542aa2fa15e2289105a"

[[package]]
name = "vespertine-abi"
version = "0.1.0"

[[package]]
name = "vespertine-common"
version = "0.1.0"

[[package]]
name = "vespertine-rt"
version = "0.1.0"
dependencies = [
 "vespertine-abi",
 "vespertine-common",
]

[[package]]
name = "vespertine-std"
version = "0.1.0"
dependencies = [
 "vespertine-abi",
 "vespertine-common",
 "vespertine-rt",
]

[[package]]
name = "vte"
version = "0.15.0"
source = "registry+https://github.com/rust-lang/crates.io-index"
checksum = "a5924018406ce0063cd67f8e008104968b74b563ee1b85dde3ed1f7cb87d3dbd"
dependencies = [
 "arrayvec",
 "memchr",
]
