# This file is automatically @generated by Cargo.
# It is not intended for manual editing.
version = 4

[[package]]
name = "hesper"
version = "0.1.0"
dependencies = [
 "vespertine-abi",
 "vespertine-rt",
]

[[package]]
name = "kernel"
version = "0.1.0"
dependencies = [
 "limine",
 "simple-psf",
 "vespertine-abi",
 "vespertine-common",
]

[[package]]
name = "limine"
version = "0.6.3"
source = "registry+https://github.com/rust-lang/crates.io-index"
checksum = "90b240f611eba0b43bf3e97478d87f12322c6c0f540bdad885c3e8c4a0d57333"

[[package]]
name = "shell"
version = "0.1.0"
dependencies = [
 "vespertine-abi",
 "vespertine-rt",
]

[[package]]
name = "simple-psf"
version = "0.1.2"
source = "registry+https://github.com/rust-lang/crates.io-index"
checksum = "8dfb5d24f130ce16dd7e608140773454eb92d69191c258e8af9d811bcab03f1d"

[[package]]
name = "vespertine-abi"
version = "0.1.0"

[[package]]
name = "vespertine-common"
version = "0.1.0"

[[package]]
name = "vespertine-rt"
version = "0.1.0"
dependencies = [
 "vespertine-abi",
 "vespertine-common",
]
